github.com/looprig/core v0.7.0 h1:2BklsErsO06JboKhMC0IZCyOQCEIGghXYwfIvA2rzq4=
github.com/looprig/core v0.7.0/go.mod h1:MyDZ7z6Q03vG5mU2Cg7mvIg8bl/CzpF3oV9NDWIXcBs=
github.com/looprig/sessionstore v0.1.0 h1:zRaW36sLqc8hYjd/1r80Wn/UwF2RcZkecWXlfhheHlM=
github.com/looprig/sessionstore v0.1.0/go.mod h1:RfNdvqn4Cj+I2g0HDUb0bHMbPCoK8Ai6pz10BLwbnhM=
github.com/looprig/sessionstore v0.2.0 h1:mN/kfelkGVzIGRcbaYYlkTY9KTi6PT0XAvUSMe/npjw=
github.com/looprig/sessionstore v0.2.0/go.mod h1:RfNdvqn4Cj+I2g0HDUb0bHMbPCoK8Ai6pz10BLwbnhM=
github.com/looprig/sessionstore v0.3.0 h1:dX/BgQUmKJY6OBsfLjeT2TNVhSPoT1YaBwgQlkGaZnI=
github.com/looprig/sessionstore v0.3.0/go.mod h1:RfNdvqn4Cj+I2g0HDUb0bHMbPCoK8Ai6pz10BLwbnhM=
github.com/looprig/storage v0.6.0 h1:e/FyPftK8e0rmeRc5YceV0QR9m46CKi/0/DM87Y+cXw=
github.com/looprig/storage v0.6.0/go.mod h1:cA0IN/Xn3iMUojKkcfhQZApTtrjg/mdISijL0NtlxUA=
